<?xml version="1.0" encoding="utf-8"?>
<Project ToolsVersion="4.0" xmlns="http://schemas.microsoft.com/developer/msbuild/2003">
  <ItemGroup>
    <ClCompile Include="Character.cpp" />
    <ClCompile Include="Coin.cpp" />
    <ClCompile Include="Collectible.cpp" />
    <ClCompile Include="Game.cpp" />
    <ClCompile Include="main.cpp" />
    <ClCompile Include="GameObject.cpp" />
    <ClCompile Include="RoadMovingObject.cpp" />
    <ClCompile Include="Path.cpp" />
    <ClCompile Include="River.cpp" />
    <ClCompile Include="Road.cpp" />
    <ClCompile Include="ShaderProgram.cpp" />
    <ClCompile Include="Shoes.cpp" />
    <ClCompile Include="TextDisplayer.cpp" />
    <ClCompile Include="TextureManager.cpp" />
    <ClCompile Include="Tree.cpp" />
    <ClCompile Include="Wheel.cpp" />
    <ClCompile Include="RiverMovingObject.cpp" />
    <ClCompile Include="CoverPlate.cpp" />
  </ItemGroup>
  <ItemGroup>
    <ClInclude Include="Character.h" />
    <ClInclude Include="Coin.h" />
    <ClInclude Include="Collectible.h" />
    <ClInclude Include="Game.h" />
    <ClInclude Include="GameObject.h" />
    <ClInclude Include="RoadMovingObject.h" />
    <ClInclude Include="Path.h" />
    <ClInclude Include="River.h" />
    <ClInclude Include="Road.h" />
    <ClInclude Include="ShaderProgram.h" />
    <ClInclude Include="Shoes.h" />
    <ClInclude Include="TextDisplayer.h" />
    <ClInclude Include="TextureManager.h" />
    <ClInclude Include="Tree.h" />
    <ClInclude Include="Wheel.h" />
    <ClInclude Include="RiverMovingObject.h" />
    <ClInclude Include="CoverPlate.h" />
  </ItemGroup>
  <ItemGroup>
    <None Include="flatVertex.glsl" />
  </ItemGroup>
  <ItemGroup>
    <Text Include="flatFragment.glsl" />
  </ItemGroup>
</Project>